
Microsoft Visual Studio Solution File, Format Version 12.00
# Visual Studio Version 17
VisualStudioVersion = 17.1.32328.378
MinimumVisualStudioVersion = 10.0.40219.1
Project("{FAE04EC0-301F-11D3-BF4B-00C04F79EFBC}") = "lab2", "lab2\lab2.csproj", "{E3DD208F-57D7-43E2-8C0A-98725AEA3BC2}"
EndProject
Global
	GlobalSection(SolutionConfigurationPlatforms) = preSolution
		Debug|Any CPU = Debug|Any CPU
		Release|Any CPU = Release|Any CPU
	EndGlobalSection
	GlobalSection(ProjectConfigurationPlatforms) = postSolution
		{E3DD208F-57D7-43E2-8C0A-98725AEA3BC2}.Debug|Any CPU.ActiveCfg = Debug|Any CPU
		{E3DD208F-57D7-43E2-8C0A-98725AEA3BC2}.Debug|Any CPU.Build.0 = Debug|Any CPU
		{E3DD208F-57D7-43E2-8C0A-98725AEA3BC2}.Release|Any CPU.ActiveCfg = Release|Any CPU
		{E3DD208F-57D7-43E2-8C0A-98725AEA3BC2}.Release|Any CPU.Build.0 = Release|Any CPU
		{B41BED98-7BE3-4BA2-ADCD-0A23CB49FED1}.Debug|Any CPU.ActiveCfg = Debug|Any CPU
		{B41BED98-7BE3-4BA2-ADCD-0A23CB49FED1}.Debug|Any CPU.Build.0 = Debug|Any CPU
		{B41BED98-7BE3-4BA2-ADCD-0A23CB49FED1}.Release|Any CPU.ActiveCfg = Release|Any CPU
		{B41BED98-7BE3-4BA2-ADCD-0A23CB49FED1}.Release|Any CPU.Build.0 = Release|Any CPU
		{E22294E7-32F6-47D1-8036-D4A2DDAC44D8}.Debug|Any CPU.ActiveCfg = Debug|Any CPU
		{E22294E7-32F6-47D1-8036-D4A2DDAC44D8}.Debug|Any CPU.Build.0 = Debug|Any CPU
		{E22294E7-32F6-47D1-8036-D4A2DDAC44D8}.Release|Any CPU.ActiveCfg = Release|Any CPU
		{E22294E7-32F6-47D1-8036-D4A2DDAC44D8}.Release|Any CPU.Build.0 = Release|Any CPU
	EndGlobalSection
	GlobalSection(SolutionProperties) = preSolution
		HideSolutionNode = FALSE
	EndGlobalSection
	GlobalSection(ExtensibilityGlobals) = postSolution
		SolutionGuid = {8F9F14E2-EB05-4772-8183-E641D0700C6A}
	EndGlobalSection
EndGlobal
